
Microsoft Visual Studio Solution File, Format Version 12.00
# Visual Studio Version 17
VisualStudioVersion = 17.4.33213.308
MinimumVisualStudioVersion = 10.0.40219.1
Project("{FAE04EC0-301F-11D3-BF4B-00C04F79EFBC}") = "Deliverable_4_Arrays", "Deliverable_4_Arrays\Deliverable_4_Arrays.csproj", "{F7B83FD5-37A5-4852-A943-014F4DB4F53F}"
EndProject
Global
	GlobalSection(SolutionConfigurationPlatforms) = preSolution
		Debug|Any CPU = Debug|Any CPU
		Release|Any CPU = Release|Any CPU
	EndGlobalSection
	GlobalSection(ProjectConfigurationPlatforms) = postSolution
		{F7B83FD5-37A5-4852-A943-014F4DB4F53F}.Debug|Any CPU.ActiveCfg = Debug|Any CPU
		{F7B83FD5-37A5-4852-A943-014F4DB4F53F}.Debug|Any CPU.Build.0 = Debug|Any CPU
		{F7B83FD5-37A5-4852-A943-014F4DB4F53F}.Release|Any CPU.ActiveCfg = Release|Any CPU
		{F7B83FD5-37A5-4852-A943-014F4DB4F53F}.Release|Any CPU.Build.0 = Release|Any CPU
	EndGlobalSection
	GlobalSection(SolutionProperties) = preSolution
		HideSolutionNode = FALSE
	EndGlobalSection
	GlobalSection(ExtensibilityGlobals) = postSolution
		SolutionGuid = {8C0135CE-C3C7-44BC-9126-B0BA1AC2FF3A}
	EndGlobalSection
EndGlobal
